
Microsoft Visual Studio Solution File, Format Version 12.00
# Visual Studio Version 17
VisualStudioVersion = 17.2.32630.192
MinimumVisualStudioVersion = 10.0.40219.1
Project("{FAE04EC0-301F-11D3-BF4B-00C04F79EFBC}") = "Test.Presentation", "Test.Presentation\Test.Presentation.csproj", "{A92EE7E9-4328-4AB5-9341-08CA2B1C288A}"
EndProject
Project("{9A19103F-16F7-4668-BE54-9A1E7A4F7556}") = "Test.BL", "Test.BL\Test.BL.csproj", "{84D967EB-34BD-4F8E-B6BB-9B60CF0C218C}"
EndProject
Global
	GlobalSection(SolutionConfigurationPlatforms) = preSolution
		Debug|Any CPU = Debug|Any CPU
		Release|Any CPU = Release|Any CPU
	EndGlobalSection
	GlobalSection(ProjectConfigurationPlatforms) = postSolution
		{A92EE7E9-4328-4AB5-9341-08CA2B1C288A}.Debug|Any CPU.ActiveCfg = Debug|Any CPU
		{A92EE7E9-4328-4AB5-9341-08CA2B1C288A}.Debug|Any CPU.Build.0 = Debug|Any CPU
		{A92EE7E9-4328-4AB5-9341-08CA2B1C288A}.Release|Any CPU.ActiveCfg = Release|Any CPU
		{A92EE7E9-4328-4AB5-9341-08CA2B1C288A}.Release|Any CPU.Build.0 = Release|Any CPU
		{84D967EB-34BD-4F8E-B6BB-9B60CF0C218C}.Debug|Any CPU.ActiveCfg = Debug|Any CPU
		{84D967EB-34BD-4F8E-B6BB-9B60CF0C218C}.Debug|Any CPU.Build.0 = Debug|Any CPU
		{84D967EB-34BD-4F8E-B6BB-9B60CF0C218C}.Release|Any CPU.ActiveCfg = Release|Any CPU
		{84D967EB-34BD-4F8E-B6BB-9B60CF0C218C}.Release|Any CPU.Build.0 = Release|Any CPU
	EndGlobalSection
	GlobalSection(SolutionProperties) = preSolution
		HideSolutionNode = FALSE
	EndGlobalSection
	GlobalSection(ExtensibilityGlobals) = postSolution
		SolutionGuid = {D4E3B374-E526-4924-80D0-5E7D5D37534A}
	EndGlobalSection
EndGlobal
